
Microsoft Visual Studio Solution File, Format Version 9.00
# Visual Studio 2005
Project("{8BC9CEB8-8B4A-11D0-8D11-00A0C91BC942}") = "Chapter5（1）", "Chapter5（1）\Chapter5（1）.vcproj", "{7C972BA8-1128-4E31-B38E-9CC7069D180D}"
EndProject
Global
	GlobalSection(SolutionConfigurationPlatforms) = preSolution
		Debug|Win32 = Debug|Win32
		Release|Win32 = Release|Win32
	EndGlobalSection
	GlobalSection(ProjectConfigurationPlatforms) = postSolution
		{7C972BA8-1128-4E31-B38E-9CC7069D180D}.Debug|Win32.ActiveCfg = Debug|Win32
		{7C972BA8-1128-4E31-B38E-9CC7069D180D}.Debug|Win32.Build.0 = Debug|Win32
		{7C972BA8-1128-4E31-B38E-9CC7069D180D}.Release|Win32.ActiveCfg = Release|Win32
		{7C972BA8-1128-4E31-B38E-9CC7069D180D}.Release|Win32.Build.0 = Release|Win32
	EndGlobalSection
	GlobalSection(SolutionProperties) = preSolution
		HideSolutionNode = FALSE
	EndGlobalSection
EndGlobal
